// !$*UTF8*$!
{
	archiveVersion = 1;
	classes = {
	};
	objectVersion = 46;
	objects = {

/* Begin PBXBuildFile section */
		36BF96534D91248B5BF48265 /* Pods_edPetUITests.framework in Frameworks */ = {isa = PBXBuildFile; fileRef = 442E5118CFA1F0ECB1D46CFB /* Pods_edPetUITests.framework */; };
		60B5AB225F8666D0B5D58730 /* Pods_edPetTests.framework in Frameworks */ = {isa = PBXBuildFile; fileRef = 6A04FA4660CB7761F027A3EA /* Pods_edPetTests.framework */; };
		7565FF395E1577D9CAB0ACED /* Pods_edPet.framework in Frameworks */ = {isa = PBXBuildFile; fileRef = 26B4D148C4DBFA3F1D42741B /* Pods_edPet.framework */; };
		AE704D5E207DAD8E00116E8C /* GoogleService-Info.plist in Resources */ = {isa = PBXBuildFile; fileRef = AE704D5D207DAD8E00116E8C /* GoogleService-Info.plist */; };
		AE704D5F207DAD8E00116E8C /* GoogleService-Info.plist in Resources */ = {isa = PBXBuildFile; fileRef = AE704D5D207DAD8E00116E8C /* GoogleService-Info.plist */; };
		AE704D60207DAD8E00116E8C /* GoogleService-Info.plist in Resources */ = {isa = PBXBuildFile; fileRef = AE704D5D207DAD8E00116E8C /* GoogleService-Info.plist */; };
		D5E0F41D207C288400501C09 /* AppDelegate.swift in Sources */ = {isa = PBXBuildFile; fileRef = D5E0F41C207C288400501C09 /* AppDelegate.swift */; };
		D5E0F41F207C288400501C09 /* ViewController.swift in Sources */ = {isa = PBXBuildFile; fileRef = D5E0F41E207C288400501C09 /* ViewController.swift */; };
		D5E0F422207C288400501C09 /* Main.storyboard in Resources */ = {isa = PBXBuildFile; fileRef = D5E0F420207C288400501C09 /* Main.storyboard */; };
		D5E0F424207C288400501C09 /* Assets.xcassets in Resources */ = {isa = PBXBuildFile; fileRef = D5E0F423207C288400501C09 /* Assets.xcassets */; };
		D5E0F427207C288400501C09 /* LaunchScreen.storyboard in Resources */ = {isa = PBXBuildFile; fileRef = D5E0F425207C288400501C09 /* LaunchScreen.storyboard */; };
		D5E0F432207C288400501C09 /* edPetTests.swift in Sources */ = {isa = PBXBuildFile; fileRef = D5E0F431207C288400501C09 /* edPetTests.swift */; };
		D5E0F43D207C288400501C09 /* edPetUITests.swift in Sources */ = {isa = PBXBuildFile; fileRef = D5E0F43C207C288400501C09 /* edPetUITests.swift */; };
/* End PBXBuildFile section */

/* Begin PBXContainerItemProxy section */
		D5E0F42E207C288400501C09 /* PBXContainerItemProxy */ = {
			isa = PBXContainerItemProxy;
			containerPortal = D5E0F411207C288300501C09 /* Project object */;
			proxyType = 1;
			remoteGlobalIDString = D5E0F418207C288300501C09;
			remoteInfo = edPet;
		};
		D5E0F439207C288400501C09 /* PBXContainerItemProxy */ = {
			isa = PBXContainerItemProxy;
			containerPortal = D5E0F411207C288300501C09 /* Project object */;
			proxyType = 1;
			remoteGlobalIDString = D5E0F418207C288300501C09;
			remoteInfo = edPet;
		};
/* End PBXContainerItemProxy section */

/* Begin PBXFileReference section */
		26B4D148C4DBFA3F1D42741B /* Pods_edPet.framework */ = {isa = PBXFileReference; explicitFileType = wrapper.framework; includeInIndex = 0; path = Pods_edPet.framework; sourceTree = BUILT_PRODUCTS_DIR; };
		28C31380FCE3AFF2C0B478CB /* Pods-edPet.release.xcconfig */ = {isa = PBXFileReference; includeInIndex = 1; lastKnownFileType = text.xcconfig; name = "Pods-edPet.release.xcconfig"; path = "Pods/Target Support Files/Pods-edPet/Pods-edPet.release.xcconfig"; sourceTree = "<group>"; };
		442E5118CFA1F0ECB1D46CFB /* Pods_edPetUITests.framework */ = {isa = PBXFileReference; explicitFileType = wrapper.framework; includeInIndex = 0; path = Pods_edPetUITests.framework; sourceTree = BUILT_PRODUCTS_DIR; };
		5553AF6CE8E501D0BEF48811 /* Pods-edPetUITests.debug.xcconfig */ = {isa = PBXFileReference; includeInIndex = 1; lastKnownFileType = text.xcconfig; name = "Pods-edPetUITests.debug.xcconfig"; path = "Pods/Target Support Files/Pods-edPetUITests/Pods-edPetUITests.debug.xcconfig"; sourceTree = "<group>"; };
		61CC9E2520193BFDDB999CCC /* Pods-edPetUITests.release.xcconfig */ = {isa = PBXFileReference; includeInIndex = 1; lastKnownFileType = text.xcconfig; name = "Pods-edPetUITests.release.xcconfig"; path = "Pods/Target Support Files/Pods-edPetUITests/Pods-edPetUITests.release.xcconfig"; sourceTree = "<group>"; };
		6A04FA4660CB7761F027A3EA /* Pods_edPetTests.framework */ = {isa = PBXFileReference; explicitFileType = wrapper.framework; includeInIndex = 0; path = Pods_edPetTests.framework; sourceTree = BUILT_PRODUCTS_DIR; };
		7D8190F55A98615C38B47495 /* Pods-edPetTests.debug.xcconfig */ = {isa = PBXFileReference; includeInIndex = 1; lastKnownFileType = text.xcconfig; name = "Pods-edPetTests.debug.xcconfig"; path = "Pods/Target Support Files/Pods-edPetTests/Pods-edPetTests.debug.xcconfig"; sourceTree = "<group>"; };
		AAF32897223C19A5D50DD4E4 /* Pods-edPetTests.release.xcconfig */ = {isa = PBXFileReference; includeInIndex = 1; lastKnownFileType = text.xcconfig; name = "Pods-edPetTests.release.xcconfig"; path = "Pods/Target Support Files/Pods-edPetTests/Pods-edPetTests.release.xcconfig"; sourceTree = "<group>"; };
		AE704D5D207DAD8E00116E8C /* GoogleService-Info.plist */ = {isa = PBXFileReference; fileEncoding = 4; lastKnownFileType = text.plist.xml; path = "GoogleService-Info.plist"; sourceTree = "<group>"; };
		D5E0F419207C288400501C09 /* edPet.app */ = {isa = PBXFileReference; explicitFileType = wrapper.application; includeInIndex = 0; path = edPet.app; sourceTree = BUILT_PRODUCTS_DIR; };
		D5E0F41C207C288400501C09 /* AppDelegate.swift */ = {isa = PBXFileReference; lastKnownFileType = sourcecode.swift; path = AppDelegate.swift; sourceTree = "<group>"; };
		D5E0F41E207C288400501C09 /* ViewController.swift */ = {isa = PBXFileReference; lastKnownFileType = sourcecode.swift; path = ViewController.swift; sourceTree = "<group>"; };
		D5E0F421207C288400501C09 /* Base */ = {isa = PBXFileReference; lastKnownFileType = file.storyboard; name = Base; path = Base.lproj/Main.storyboard; sourceTree = "<group>"; };
		D5E0F423207C288400501C09 /* Assets.xcassets */ = {isa = PBXFileReference; lastKnownFileType = folder.assetcatalog; path = Assets.xcassets; sourceTree = "<group>"; };
		D5E0F426207C288400501C09 /* Base */ = {isa = PBXFileReference; lastKnownFileType = file.storyboard; name = Base; path = Base.lproj/LaunchScreen.storyboard; sourceTree = "<group>"; };
		D5E0F428207C288400501C09 /* Info.plist */ = {isa = PBXFileReference; lastKnownFileType = text.plist.xml; path = Info.plist; sourceTree = "<group>"; };
		D5E0F42D207C288400501C09 /* edPetTests.xctest */ = {isa = PBXFileReference; explicitFileType = wrapper.cfbundle; includeInIndex = 0; path = edPetTests.xctest; sourceTree = BUILT_PRODUCTS_DIR; };
		D5E0F431207C288400501C09 /* edPetTests.swift */ = {isa = PBXFileReference; lastKnownFileType = sourcecode.swift; path = edPetTests.swift; sourceTree = "<group>"; };
		D5E0F433207C288400501C09 /* Info.plist */ = {isa = PBXFileReference; lastKnownFileType = text.plist.xml; path = Info.plist; sourceTree = "<group>"; };
		D5E0F438207C288400501C09 /* edPetUITests.xctest */ = {isa = PBXFileReference; explicitFileType = wrapper.cfbundle; includeInIndex = 0; path = edPetUITests.xctest; sourceTree = BUILT_PRODUCTS_DIR; };
		D5E0F43C207C288400501C09 /* edPetUITests.swift */ = {isa = PBXFileReference; lastKnownFileType = sourcecode.swift; path = edPetUITests.swift; sourceTree = "<group>"; };
		D5E0F43E207C288400501C09 /* Info.plist */ = {isa = PBXFileReference; lastKnownFileType = text.plist.xml; path = Info.plist; sourceTree = "<group>"; };
		E0BDC6997D0D0B3224937508 /* Pods-edPet.debug.xcconfig */ = {isa = PBXFileReference; includeInIndex = 1; lastKnownFileType = text.xcconfig; name = "Pods-edPet.debug.xcconfig"; path = "Pods/Target Support Files/Pods-edPet/Pods-edPet.debug.xcconfig"; sourceTree = "<group>"; };
/* End PBXFileReference section */

/* Begin PBXFrameworksBuildPhase section */
		D5E0F416207C288300501C09 /* Frameworks */ = {
			isa = PBXFrameworksBuildPhase;
			buildActionMask = 2147483647;
			files = (
				7565FF395E1577D9CAB0ACED /* Pods_edPet.framework in Frameworks */,
			);
			runOnlyForDeploymentPostprocessing = 0;
		};
		D5E0F42A207C288400501C09 /* Frameworks */ = {
			isa = PBXFrameworksBuildPhase;
			buildActionMask = 2147483647;
			files = (
				60B5AB225F8666D0B5D58730 /* Pods_edPetTests.framework in Frameworks */,
			);
			runOnlyForDeploymentPostprocessing = 0;
		};
		D5E0F435207C288400501C09 /* Frameworks */ = {
			isa = PBXFrameworksBuildPhase;
			buildActionMask = 2147483647;
			files = (
				36BF96534D91248B5BF48265 /* Pods_edPetUITests.framework in Frameworks */,
			);
			runOnlyForDeploymentPostprocessing = 0;
		};
/* End PBXFrameworksBuildPhase section */

/* Begin PBXGroup section */
		7B85A5FD30ED1CE5C0C4FB6A /* Pods */ = {
			isa = PBXGroup;
			children = (
				E0BDC6997D0D0B3224937508 /* Pods-edPet.debug.xcconfig */,
				28C31380FCE3AFF2C0B478CB /* Pods-edPet.release.xcconfig */,
				7D8190F55A98615C38B47495 /* Pods-edPetTests.debug.xcconfig */,
				AAF32897223C19A5D50DD4E4 /* Pods-edPetTests.release.xcconfig */,
				5553AF6CE8E501D0BEF48811 /* Pods-edPetUITests.debug.xcconfig */,
				61CC9E2520193BFDDB999CCC /* Pods-edPetUITests.release.xcconfig */,
			);
			name = Pods;
			sourceTree = "<group>";
		};
		CB9B14325D5D6A34C8CB05DB /* Frameworks */ = {
			isa = PBXGroup;
			children = (
				26B4D148C4DBFA3F1D42741B /* Pods_edPet.framework */,
				6A04FA4660CB7761F027A3EA /* Pods_edPetTests.framework */,
				442E5118CFA1F0ECB1D46CFB /* Pods_edPetUITests.framework */,
			);
			name = Frameworks;
			sourceTree = "<group>";
		};
		D5E0F410207C288300501C09 = {
			isa = PBXGroup;
			children = (
				D5E0F41B207C288400501C09 /* edPet */,
				D5E0F430207C288400501C09 /* edPetTests */,
				D5E0F43B207C288400501C09 /* edPetUITests */,
				D5E0F41A207C288400501C09 /* Products */,
				7B85A5FD30ED1CE5C0C4FB6A /* Pods */,
				CB9B14325D5D6A34C8CB05DB /* Frameworks */,
			);
			sourceTree = "<group>";
		};
		D5E0F41A207C288400501C09 /* Products */ = {
			isa = PBXGroup;
			children = (
				D5E0F419207C288400501C09 /* edPet.app */,
				D5E0F42D207C288400501C09 /* edPetTests.xctest */,
				D5E0F438207C288400501C09 /* edPetUITests.xctest */,
			);
			name = Products;
			sourceTree = "<group>";
		};
		D5E0F41B207C288400501C09 /* edPet */ = {
			isa = PBXGroup;
			children = (
				AE704D5D207DAD8E00116E8C /* GoogleService-Info.plist */,
				D5E0F41C207C288400501C09 /* AppDelegate.swift */,
				D5E0F41E207C288400501C09 /* ViewController.swift */,
				D5E0F420207C288400501C09 /* Main.storyboard */,
				D5E0F423207C288400501C09 /* Assets.xcassets */,
				D5E0F425207C288400501C09 /* LaunchScreen.storyboard */,
				D5E0F428207C288400501C09 /* Info.plist */,
			);
			path = edPet;
			sourceTree = "<group>";
		};
		D5E0F430207C288400501C09 /* edPetTests */ = {
			isa = PBXGroup;
			children = (
				D5E0F431207C288400501C09 /* edPetTests.swift */,
				D5E0F433207C288400501C09 /* Info.plist */,
			);
			path = edPetTests;
			sourceTree = "<group>";
		};
		D5E0F43B207C288400501C09 /* edPetUITests */ = {
			isa = PBXGroup;
			children = (
				D5E0F43C207C288400501C09 /* edPetUITests.swift */,
				D5E0F43E207C288400501C09 /* Info.plist */,
			);
			path = edPetUITests;
			sourceTree = "<group>";
		};
/* End PBXGroup section */

/* Begin PBXNativeTarget section */
		D5E0F418207C288300501C09 /* edPet */ = {
			isa = PBXNativeTarget;
			buildConfigurationList = D5E0F441207C288400501C09 /* Build configuration list for PBXNativeTarget "edPet" */;
			buildPhases = (
				EFF7071BF62A92F0AEE37648 /* [CP] Check Pods Manifest.lock */,
				D5E0F415207C288300501C09 /* Sources */,
				D5E0F416207C288300501C09 /* Frameworks */,
				D5E0F417207C288300501C09 /* Resources */,
				211B57C817B9998A2AB96A03 /* [CP] Embed Pods Frameworks */,
			);
			buildRules = (
			);
			dependencies = (
			);
			name = edPet;
			productName = edPet;
			productReference = D5E0F419207C288400501C09 /* edPet.app */;
			productType = "com.apple.product-type.application";
		};
		D5E0F42C207C288400501C09 /* edPetTests */ = {
			isa = PBXNativeTarget;
			buildConfigurationList = D5E0F444207C288400501C09 /* Build configuration list for PBXNativeTarget "edPetTests" */;
			buildPhases = (
				14510E5A227BDB67C867E7DD /* [CP] Check Pods Manifest.lock */,
				D5E0F429207C288400501C09 /* Sources */,
				D5E0F42A207C288400501C09 /* Frameworks */,
				D5E0F42B207C288400501C09 /* Resources */,
			);
			buildRules = (
			);
			dependencies = (
				D5E0F42F207C288400501C09 /* PBXTargetDependency */,
			);
			name = edPetTests;
			productName = edPetTests;
			productReference = D5E0F42D207C288400501C09 /* edPetTests.xctest */;
			productType = "com.apple.product-type.bundle.unit-test";
		};
		D5E0F437207C288400501C09 /* edPetUITests */ = {
			isa = PBXNativeTarget;
			buildConfigurationList = D5E0F447207C288400501C09 /* Build configuration list for PBXNativeTarget "edPetUITests" */;
			buildPhases = (
				ADEF5C92651F2A9A7AC037E5 /* [CP] Check Pods Manifest.lock */,
				D5E0F434207C288400501C09 /* Sources */,
				D5E0F435207C288400501C09 /* Frameworks */,
				D5E0F436207C288400501C09 /* Resources */,
			);
			buildRules = (
			);
			dependencies = (
				D5E0F43A207C288400501C09 /* PBXTargetDependency */,
			);
			name = edPetUITests;
			productName = edPetUITests;
			productReference = D5E0F438207C288400501C09 /* edPetUITests.xctest */;
			productType = "com.apple.product-type.bundle.ui-testing";
		};
/* End PBXNativeTarget section */

/* Begin PBXProject section */
		D5E0F411207C288300501C09 /* Project object */ = {
			isa = PBXProject;
			attributes = {
				LastSwiftUpdateCheck = 0830;
				LastUpgradeCheck = 0830;
				ORGANIZATIONNAME = "Stephen Dirk M. Weyns";
				TargetAttributes = {
					D5E0F418207C288300501C09 = {
						CreatedOnToolsVersion = 8.3;
						ProvisioningStyle = Automatic;
					};
					D5E0F42C207C288400501C09 = {
						CreatedOnToolsVersion = 8.3;
						ProvisioningStyle = Automatic;
						TestTargetID = D5E0F418207C288300501C09;
					};
					D5E0F437207C288400501C09 = {
						CreatedOnToolsVersion = 8.3;
						ProvisioningStyle = Automatic;
						TestTargetID = D5E0F418207C288300501C09;
					};
				};
			};
			buildConfigurationList = D5E0F414207C288300501C09 /* Build configuration list for PBXProject "edPet" */;
			compatibilityVersion = "Xcode 3.2";
			developmentRegion = English;
			hasScannedForEncodings = 0;
			knownRegions = (
				en,
				Base,
			);
			mainGroup = D5E0F410207C288300501C09;
			productRefGroup = D5E0F41A207C288400501C09 /* Products */;
			projectDirPath = "";
			projectRoot = "";
			targets = (
				D5E0F418207C288300501C09 /* edPet */,
				D5E0F42C207C288400501C09 /* edPetTests */,
				D5E0F437207C288400501C09 /* edPetUITests */,
			);
		};
/* End PBXProject section */

/* Begin PBXResourcesBuildPhase section */
		D5E0F417207C288300501C09 /* Resources */ = {
			isa = PBXResourcesBuildPhase;
			buildActionMask = 2147483647;
			files = (
				D5E0F427207C288400501C09 /* LaunchScreen.storyboard in Resources */,
				AE704D5E207DAD8E00116E8C /* GoogleService-Info.plist in Resources */,
				D5E0F424207C288400501C09 /* Assets.xcassets in Resources */,
				D5E0F422207C288400501C09 /* Main.storyboard in Resources */,
			);
			runOnlyForDeploymentPostprocessing = 0;
		};
		D5E0F42B207C288400501C09 /* Resources */ = {
			isa = PBXResourcesBuildPhase;
			buildActionMask = 2147483647;
			files = (
				AE704D5F207DAD8E00116E8C /* GoogleService-Info.plist in Resources */,
			);
			runOnlyForDeploymentPostprocessing = 0;
		};
		D5E0F436207C288400501C09 /* Resources */ = {
			isa = PBXResourcesBuildPhase;
			buildActionMask = 2147483647;
			files = (
				AE704D60207DAD8E00116E8C /* GoogleService-Info.plist in Resources */,
			);
			runOnlyForDeploymentPostprocessing = 0;
		};
/* End PBXResourcesBuildPhase section */

/* Begin PBXShellScriptBuildPhase section */
		14510E5A227BDB67C867E7DD /* [CP] Check Pods Manifest.lock */ = {
			isa = PBXShellScriptBuildPhase;
			buildActionMask = 2147483647;
			files = (
			);
			inputPaths = (
				"${PODS_PODFILE_DIR_PATH}/Podfile.lock",
				"${PODS_ROOT}/Manifest.lock",
			);
			name = "[CP] Check Pods Manifest.lock";
			outputPaths = (
				"$(DERIVED_FILE_DIR)/Pods-edPetTests-checkManifestLockResult.txt",
			);
			runOnlyForDeploymentPostprocessing = 0;
			shellPath = /bin/sh;
			shellScript = "diff \"${PODS_PODFILE_DIR_PATH}/Podfile.lock\" \"${PODS_ROOT}/Manifest.lock\" > /dev/null\nif [ $? != 0 ] ; then\n    # print error to STDERR\n    echo \"error: The sandbox is not in sync with the Podfile.lock. Run 'pod install' or update your CocoaPods installation.\" >&2\n    exit 1\nfi\n# This output is used by Xcode 'outputs' to avoid re-running this script phase.\necho \"SUCCESS\" > \"${SCRIPT_OUTPUT_FILE_0}\"\n";
			showEnvVarsInLog = 0;
		};
		211B57C817B9998A2AB96A03 /* [CP] Embed Pods Frameworks */ = {
			isa = PBXShellScriptBuildPhase;
			buildActionMask = 2147483647;
			files = (
			);
			inputPaths = (
				"${SRCROOT}/Pods/Target Support Files/Pods-edPet/Pods-edPet-frameworks.sh",
				"${BUILT_PRODUCTS_DIR}/GoogleToolboxForMac/GoogleToolboxForMac.framework",
				"${BUILT_PRODUCTS_DIR}/nanopb/nanopb.framework",
			);
			name = "[CP] Embed Pods Frameworks";
			outputPaths = (
				"${TARGET_BUILD_DIR}/${FRAMEWORKS_FOLDER_PATH}/GoogleToolboxForMac.framework",
				"${TARGET_BUILD_DIR}/${FRAMEWORKS_FOLDER_PATH}/nanopb.framework",
			);
			runOnlyForDeploymentPostprocessing = 0;
			shellPath = /bin/sh;
			shellScript = "\"${SRCROOT}/Pods/Target Support Files/Pods-edPet/Pods-edPet-frameworks.sh\"\n";
			showEnvVarsInLog = 0;
		};
		ADEF5C92651F2A9A7AC037E5 /* [CP] Check Pods Manifest.lock */ = {
			isa = PBXShellScriptBuildPhase;
			buildActionMask = 2147483647;
			files = (
			);
			inputPaths = (
				"${PODS_PODFILE_DIR_PATH}/Podfile.lock",
				"${PODS_ROOT}/Manifest.lock",
			);
			name = "[CP] Check Pods Manifest.lock";
			outputPaths = (
				"$(DERIVED_FILE_DIR)/Pods-edPetUITests-checkManifestLockResult.txt",
			);
			runOnlyForDeploymentPostprocessing = 0;
			shellPath = /bin/sh;
			shellScript = "diff \"${PODS_PODFILE_DIR_PATH}/Podfile.lock\" \"${PODS_ROOT}/Manifest.lock\" > /dev/null\nif [ $? != 0 ] ; then\n    # print error to STDERR\n    echo \"error: The sandbox is not in sync with the Podfile.lock. Run 'pod install' or update your CocoaPods installation.\" >&2\n    exit 1\nfi\n# This output is used by Xcode 'outputs' to avoid re-running this script phase.\necho \"SUCCESS\" > \"${SCRIPT_OUTPUT_FILE_0}\"\n";
			showEnvVarsInLog = 0;
		};
		EFF7071BF62A92F0AEE37648 /* [CP] Check Pods Manifest.lock */ = {
			isa = PBXShellScriptBuildPhase;
			buildActionMask = 2147483647;
			files = (
			);
			inputPaths = (
				"${PODS_PODFILE_DIR_PATH}/Podfile.lock",
				"${PODS_ROOT}/Manifest.lock",
			);
			name = "[CP] Check Pods Manifest.lock";
			outputPaths = (
				"$(DERIVED_FILE_DIR)/Pods-edPet-checkManifestLockResult.txt",
			);
			runOnlyForDeploymentPostprocessing = 0;
			shellPath = /bin/sh;
			shellScript = "diff \"${PODS_PODFILE_DIR_PATH}/Podfile.lock\" \"${PODS_ROOT}/Manifest.lock\" > /dev/null\nif [ $? != 0 ] ; then\n    # print error to STDERR\n    echo \"error: The sandbox is not in sync with the Podfile.lock. Run 'pod install' or update your CocoaPods installation.\" >&2\n    exit 1\nfi\n# This output is used by Xcode 'outputs' to avoid re-running this script phase.\necho \"SUCCESS\" > \"${SCRIPT_OUTPUT_FILE_0}\"\n";
			showEnvVarsInLog = 0;
		};
/* End PBXShellScriptBuildPhase section */

/* Begin PBXSourcesBuildPhase section */
		D5E0F415207C288300501C09 /* Sources */ = {
			isa = PBXSourcesBuildPhase;
			buildActionMask = 2147483647;
			files = (
				D5E0F41F207C288400501C09 /* ViewController.swift in Sources */,
				D5E0F41D207C288400501C09 /* AppDelegate.swift in Sources */,
			);
			runOnlyForDeploymentPostprocessing = 0;
		};
		D5E0F429207C288400501C09 /* Sources */ = {
			isa = PBXSourcesBuildPhase;
			buildActionMask = 2147483647;
			files = (
				D5E0F432207C288400501C09 /* edPetTests.swift in Sources */,
			);
			runOnlyForDeploymentPostprocessing = 0;
		};
		D5E0F434207C288400501C09 /* Sources */ = {
			isa = PBXSourcesBuildPhase;
			buildActionMask = 2147483647;
			files = (
				D5E0F43D207C288400501C09 /* edPetUITests.swift in Sources */,
			);
			runOnlyForDeploymentPostprocessing = 0;
		};
/* End PBXSourcesBuildPhase section */

/* Begin PBXTargetDependency section */
		D5E0F42F207C288400501C09 /* PBXTargetDependency */ = {
			isa = PBXTargetDependency;
			target = D5E0F418207C288300501C09 /* edPet */;
			targetProxy = D5E0F42E207C288400501C09 /* PBXContainerItemProxy */;
		};
		D5E0F43A207C288400501C09 /* PBXTargetDependency */ = {
			isa = PBXTargetDependency;
			target = D5E0F418207C288300501C09 /* edPet */;
			targetProxy = D5E0F439207C288400501C09 /* PBXContainerItemProxy */;
		};
/* End PBXTargetDependency section */

/* Begin PBXVariantGroup section */
		D5E0F420207C288400501C09 /* Main.storyboard */ = {
			isa = PBXVariantGroup;
			children = (
				D5E0F421207C288400501C09 /* Base */,
			);
			name = Main.storyboard;
			sourceTree = "<group>";
		};
		D5E0F425207C288400501C09 /* LaunchScreen.storyboard */ = {
			isa = PBXVariantGroup;
			children = (
				D5E0F426207C288400501C09 /* Base */,
			);
			name = LaunchScreen.storyboard;
			sourceTree = "<group>";
		};
/* End PBXVariantGroup section */

/* Begin XCBuildConfiguration section */
		D5E0F43F207C288400501C09 /* Debug */ = {
			isa = XCBuildConfiguration;
			buildSettings = {
				ALWAYS_SEARCH_USER_PATHS = NO;
				CLANG_ANALYZER_NONNULL = YES;
				CLANG_ANALYZER_NUMBER_OBJECT_CONVERSION = YES_AGGRESSIVE;
				CLANG_CXX_LANGUAGE_STANDARD = "gnu++0x";
				CLANG_CXX_LIBRARY = "libc++";
				CLANG_ENABLE_MODULES = YES;
				CLANG_ENABLE_OBJC_ARC = YES;
				CLANG_WARN_BOOL_CONVERSION = YES;
				CLANG_WARN_CONSTANT_CONVERSION = YES;
				CLANG_WARN_DIRECT_OBJC_ISA_USAGE = YES_ERROR;
				CLANG_WARN_DOCUMENTATION_COMMENTS = YES;
				CLANG_WARN_EMPTY_BODY = YES;
				CLANG_WARN_ENUM_CONVERSION = YES;
				CLANG_WARN_INFINITE_RECURSION = YES;
				CLANG_WARN_INT_CONVERSION = YES;
				CLANG_WARN_OBJC_ROOT_CLASS = YES_ERROR;
				CLANG_WARN_SUSPICIOUS_MOVE = YES;
				CLANG_WARN_UNREACHABLE_CODE = YES;
				CLANG_WARN__DUPLICATE_METHOD_MATCH = YES;
				"CODE_SIGN_IDENTITY[sdk=iphoneos*]" = "iPhone Developer";
				COPY_PHASE_STRIP = NO;
				DEBUG_INFORMATION_FORMAT = dwarf;
				ENABLE_STRICT_OBJC_MSGSEND = YES;
				ENABLE_TESTABILITY = YES;
				GCC_C_LANGUAGE_STANDARD = gnu99;
				GCC_DYNAMIC_NO_PIC = NO;
				GCC_NO_COMMON_BLOCKS = YES;
				GCC_OPTIMIZATION_LEVEL = 0;
				GCC_PREPROCESSOR_DEFINITIONS = (
					"DEBUG=1",
					"$(inherited)",
				);
				GCC_WARN_64_TO_32_BIT_CONVERSION = YES;
				GCC_WARN_ABOUT_RETURN_TYPE = YES_ERROR;
				GCC_WARN_UNDECLARED_SELECTOR = YES;
				GCC_WARN_UNINITIALIZED_AUTOS = YES_AGGRESSIVE;
				GCC_WARN_UNUSED_FUNCTION = YES;
				GCC_WARN_UNUSED_VARIABLE = YES;
				IPHONEOS_DEPLOYMENT_TARGET = 10.3;
				MTL_ENABLE_DEBUG_INFO = YES;
				ONLY_ACTIVE_ARCH = YES;
				SDKROOT = iphoneos;
				SWIFT_ACTIVE_COMPILATION_CONDITIONS = DEBUG;
				SWIFT_OPTIMIZATION_LEVEL = "-Onone";
				TARGETED_DEVICE_FAMILY = "1,2";
			};
			name = Debug;
		};
		D5E0F440207C288400501C09 /* Release */ = {
			isa = XCBuildConfiguration;
			buildSettings = {
				ALWAYS_SEARCH_USER_PATHS = NO;
				CLANG_ANALYZER_NONNULL = YES;
				CLANG_ANALYZER_NUMBER_OBJECT_CONVERSION = YES_AGGRESSIVE;
				CLANG_CXX_LANGUAGE_STANDARD = "gnu++0x";
				CLANG_CXX_LIBRARY = "libc++";
				CLANG_ENABLE_MODULES = YES;
				CLANG_ENABLE_OBJC_ARC = YES;
				CLANG_WARN_BOOL_CONVERSION = YES;
				CLANG_WARN_CONSTANT_CONVERSION = YES;
				CLANG_WARN_DIRECT_OBJC_ISA_USAGE = YES_ERROR;
				CLANG_WARN_DOCUMENTATION_COMMENTS = YES;
				CLANG_WARN_EMPTY_BODY = YES;
				CLANG_WARN_ENUM_CONVERSION = YES;
				CLANG_WARN_INFINITE_RECURSION = YES;
				CLANG_WARN_INT_CONVERSION = YES;
				CLANG_WARN_OBJC_ROOT_CLASS = YES_ERROR;
				CLANG_WARN_SUSPICIOUS_MOVE = YES;
				CLANG_WARN_UNREACHABLE_CODE = YES;
				CLANG_WARN__DUPLICATE_METHOD_MATCH = YES;
				"CODE_SIGN_IDENTITY[sdk=iphoneos*]" = "iPhone Developer";
				COPY_PHASE_STRIP = NO;
				DEBUG_INFORMATION_FORMAT = "dwarf-with-dsym";
				ENABLE_NS_ASSERTIONS = NO;
				ENABLE_STRICT_OBJC_MSGSEND = YES;
				GCC_C_LANGUAGE_STANDARD = gnu99;
				GCC_NO_COMMON_BLOCKS = YES;
				GCC_WARN_64_TO_32_BIT_CONVERSION = YES;
				GCC_WARN_ABOUT_RETURN_TYPE = YES_ERROR;
				GCC_WARN_UNDECLARED_SELECTOR = YES;
				GCC_WARN_UNINITIALIZED_AUTOS = YES_AGGRESSIVE;
				GCC_WARN_UNUSED_FUNCTION = YES;
				GCC_WARN_UNUSED_VARIABLE = YES;
				IPHONEOS_DEPLOYMENT_TARGET = 10.3;
				MTL_ENABLE_DEBUG_INFO = NO;
				SDKROOT = iphoneos;
				SWIFT_OPTIMIZATION_LEVEL = "-Owholemodule";
				TARGETED_DEVICE_FAMILY = "1,2";
				VALIDATE_PRODUCT = YES;
			};
			name = Release;
		};
		D5E0F442207C288400501C09 /* Debug */ = {
			isa = XCBuildConfiguration;
			baseConfigurationReference = E0BDC6997D0D0B3224937508 /* Pods-edPet.debug.xcconfig */;
			buildSettings = {
				ASSETCATALOG_COMPILER_APPICON_NAME = AppIcon;
				INFOPLIST_FILE = edPet/Info.plist;
				LD_RUNPATH_SEARCH_PATHS = "$(inherited) @executable_path/Frameworks";
				PRODUCT_BUNDLE_IDENTIFIER = com.edPet.edPet;
				PRODUCT_NAME = "$(TARGET_NAME)";
				SWIFT_VERSION = 3.0;
			};
			name = Debug;
		};
		D5E0F443207C288400501C09 /* Release */ = {
			isa = XCBuildConfiguration;
			baseConfigurationReference = 28C31380FCE3AFF2C0B478CB /* Pods-edPet.release.xcconfig */;
			buildSettings = {
				ASSETCATALOG_COMPILER_APPICON_NAME = AppIcon;
				INFOPLIST_FILE = edPet/Info.plist;
				LD_RUNPATH_SEARCH_PATHS = "$(inherited) @executable_path/Frameworks";
				PRODUCT_BUNDLE_IDENTIFIER = com.edPet.edPet;
				PRODUCT_NAME = "$(TARGET_NAME)";
				SWIFT_VERSION = 3.0;
			};
			name = Release;
		};
		D5E0F445207C288400501C09 /* Debug */ = {
			isa = XCBuildConfiguration;
			baseConfigurationReference = 7D8190F55A98615C38B47495 /* Pods-edPetTests.debug.xcconfig */;
			buildSettings = {
				ALWAYS_EMBED_SWIFT_STANDARD_LIBRARIES = YES;
				BUNDLE_LOADER = "$(TEST_HOST)";
				INFOPLIST_FILE = edPetTests/Info.plist;
				LD_RUNPATH_SEARCH_PATHS = "$(inherited) @executable_path/Frameworks @loader_path/Frameworks";
				PRODUCT_BUNDLE_IDENTIFIER = com.edPet.edPetTests;
				PRODUCT_NAME = "$(TARGET_NAME)";
				SWIFT_VERSION = 3.0;
				TEST_HOST = "$(BUILT_PRODUCTS_DIR)/edPet.app/edPet";
			};
			name = Debug;
		};
		D5E0F446207C288400501C09 /* Release */ = {
			isa = XCBuildConfiguration;
			baseConfigurationReference = AAF32897223C19A5D50DD4E4 /* Pods-edPetTests.release.xcconfig */;
			buildSettings = {
				ALWAYS_EMBED_SWIFT_STANDARD_LIBRARIES = YES;
				BUNDLE_LOADER = "$(TEST_HOST)";
				INFOPLIST_FILE = edPetTests/Info.plist;
				LD_RUNPATH_SEARCH_PATHS = "$(inherited) @executable_path/Frameworks @loader_path/Frameworks";
				PRODUCT_BUNDLE_IDENTIFIER = com.edPet.edPetTests;
				PRODUCT_NAME = "$(TARGET_NAME)";
				SWIFT_VERSION = 3.0;
				TEST_HOST = "$(BUILT_PRODUCTS_DIR)/edPet.app/edPet";
			};
			name = Release;
		};
		D5E0F448207C288400501C09 /* Debug */ = {
			isa = XCBuildConfiguration;
			baseConfigurationReference = 5553AF6CE8E501D0BEF48811 /* Pods-edPetUITests.debug.xcconfig */;
			buildSettings = {
				ALWAYS_EMBED_SWIFT_STANDARD_LIBRARIES = YES;
				INFOPLIST_FILE = edPetUITests/Info.plist;
				LD_RUNPATH_SEARCH_PATHS = "$(inherited) @executable_path/Frameworks @loader_path/Frameworks";
				PRODUCT_BUNDLE_IDENTIFIER = com.edPet.edPetUITests;
				PRODUCT_NAME = "$(TARGET_NAME)";
				SWIFT_VERSION = 3.0;
				TEST_TARGET_NAME = edPet;
			};
			name = Debug;
		};
		D5E0F449207C288400501C09 /* Release */ = {
			isa = XCBuildConfiguration;
			baseConfigurationReference = 61CC9E2520193BFDDB999CCC /* Pods-edPetUITests.release.xcconfig */;
			buildSettings = {
				ALWAYS_EMBED_SWIFT_STANDARD_LIBRARIES = YES;
				INFOPLIST_FILE = edPetUITests/Info.plist;
				LD_RUNPATH_SEARCH_PATHS = "$(inherited) @executable_path/Frameworks @loader_path/Frameworks";
				PRODUCT_BUNDLE_IDENTIFIER = com.edPet.edPetUITests;
				PRODUCT_NAME = "$(TARGET_NAME)";
				SWIFT_VERSION = 3.0;
				TEST_TARGET_NAME = edPet;
			};
			name = Release;
		};
/* End XCBuildConfiguration section */

/* Begin XCConfigurationList section */
		D5E0F414207C288300501C09 /* Build configuration list for PBXProject "edPet" */ = {
			isa = XCConfigurationList;
			buildConfigurations = (
				D5E0F43F207C288400501C09 /* Debug */,
				D5E0F440207C288400501C09 /* Release */,
			);
			defaultConfigurationIsVisible = 0;
			defaultConfigurationName = Release;
		};
		D5E0F441207C288400501C09 /* Build configuration list for PBXNativeTarget "edPet" */ = {
			isa = XCConfigurationList;
			buildConfigurations = (
				D5E0F442207C288400501C09 /* Debug */,
				D5E0F443207C288400501C09 /* Release */,
			);
			defaultConfigurationIsVisible = 0;
			defaultConfigurationName = Release;
		};
		D5E0F444207C288400501C09 /* Build configuration list for PBXNativeTarget "edPetTests" */ = {
			isa = XCConfigurationList;
			buildConfigurations = (
				D5E0F445207C288400501C09 /* Debug */,
				D5E0F446207C288400501C09 /* Release */,
			);
			defaultConfigurationIsVisible = 0;
			defaultConfigurationName = Release;
		};
		D5E0F447207C288400501C09 /* Build configuration list for PBXNativeTarget "edPetUITests" */ = {
			isa = XCConfigurationList;
			buildConfigurations = (
				D5E0F448207C288400501C09 /* Debug */,
				D5E0F449207C288400501C09 /* Release */,
			);
			defaultConfigurationIsVisible = 0;
			defaultConfigurationName = Release;
		};
/* End XCConfigurationList section */
	};
	rootObject = D5E0F411207C288300501C09 /* Project object */;
}
